// !$*UTF8*$!
{
	archiveVersion = 1;
	classes = {
	};
	objectVersion = 56;
	objects = {

/* Begin PBXBuildFile section */
		94A62ED72BE1FE220062FDE4 /* OpenInAppviewModel.swift in Sources */ = {isa = PBXBuildFile; fileRef = 94A62ED62BE1FE220062FDE4 /* OpenInAppviewModel.swift */; };
		94A62ED92BE213320062FDE4 /* ColorAssets.xcassets in Resources */ = {isa = PBXBuildFile; fileRef = 94A62ED82BE213320062FDE4 /* ColorAssets.xcassets */; };
		94A62EDB2BE213BB0062FDE4 /* ColorPalette.swift in Sources */ = {isa = PBXBuildFile; fileRef = 94A62EDA2BE213BB0062FDE4 /* ColorPalette.swift */; };
		94A62EDF2BE21F430062FDE4 /* DashboardModel.swift in Sources */ = {isa = PBXBuildFile; fileRef = 94A62EDE2BE21F430062FDE4 /* DashboardModel.swift */; };
		94A62EE12BE225080062FDE4 /* DateFormatter.swift in Sources */ = {isa = PBXBuildFile; fileRef = 94A62EE02BE225080062FDE4 /* DateFormatter.swift */; };
		94A62EE32BE234590062FDE4 /* HourlyLineChart.swift in Sources */ = {isa = PBXBuildFile; fileRef = 94A62EE22BE234590062FDE4 /* HourlyLineChart.swift */; };
		94A62EE62BE246F80062FDE4 /* SwiftUICharts in Frameworks */ = {isa = PBXBuildFile; productRef = 94A62EE52BE246F80062FDE4 /* SwiftUICharts */; };
		94B114822BE11B14000024AC /* OpenInAppApp.swift in Sources */ = {isa = PBXBuildFile; fileRef = 94B114812BE11B14000024AC /* OpenInAppApp.swift */; };
		94B114842BE11B14000024AC /* ContentView.swift in Sources */ = {isa = PBXBuildFile; fileRef = 94B114832BE11B14000024AC /* ContentView.swift */; };
		94B114862BE11B16000024AC /* Assets.xcassets in Resources */ = {isa = PBXBuildFile; fileRef = 94B114852BE11B16000024AC /* Assets.xcassets */; };
		94B1148A2BE11B16000024AC /* Preview Assets.xcassets in Resources */ = {isa = PBXBuildFile; fileRef = 94B114892BE11B16000024AC /* Preview Assets.xcassets */; };
		94B114942BE11B16000024AC /* OpenInAppTests.swift in Sources */ = {isa = PBXBuildFile; fileRef = 94B114932BE11B16000024AC /* OpenInAppTests.swift */; };
		94B1149E2BE11B16000024AC /* OpenInAppUITests.swift in Sources */ = {isa = PBXBuildFile; fileRef = 94B1149D2BE11B16000024AC /* OpenInAppUITests.swift */; };
		94B114A02BE11B16000024AC /* OpenInAppUITestsLaunchTests.swift in Sources */ = {isa = PBXBuildFile; fileRef = 94B1149F2BE11B16000024AC /* OpenInAppUITestsLaunchTests.swift */; };
/* End PBXBuildFile section */

/* Begin PBXContainerItemProxy section */
		94B114902BE11B16000024AC /* PBXContainerItemProxy */ = {
			isa = PBXContainerItemProxy;
			containerPortal = 94B114762BE11B14000024AC /* Project object */;
			proxyType = 1;
			remoteGlobalIDString = 94B1147D2BE11B14000024AC;
			remoteInfo = OpenInApp;
		};
		94B1149A2BE11B16000024AC /* PBXContainerItemProxy */ = {
			isa = PBXContainerItemProxy;
			containerPortal = 94B114762BE11B14000024AC /* Project object */;
			proxyType = 1;
			remoteGlobalIDString = 94B1147D2BE11B14000024AC;
			remoteInfo = OpenInApp;
		};
/* End PBXContainerItemProxy section */

/* Begin PBXFileReference section */
		94A62ED62BE1FE220062FDE4 /* OpenInAppviewModel.swift */ = {isa = PBXFileReference; lastKnownFileType = sourcecode.swift; path = OpenInAppviewModel.swift; sourceTree = "<group>"; };
		94A62ED82BE213320062FDE4 /* ColorAssets.xcassets */ = {isa = PBXFileReference; lastKnownFileType = folder.assetcatalog; path = ColorAssets.xcassets; sourceTree = "<group>"; };
		94A62EDA2BE213BB0062FDE4 /* ColorPalette.swift */ = {isa = PBXFileReference; lastKnownFileType = sourcecode.swift; path = ColorPalette.swift; sourceTree = "<group>"; };
		94A62EDE2BE21F430062FDE4 /* DashboardModel.swift */ = {isa = PBXFileReference; lastKnownFileType = sourcecode.swift; path = DashboardModel.swift; sourceTree = "<group>"; };
		94A62EE02BE225080062FDE4 /* DateFormatter.swift */ = {isa = PBXFileReference; lastKnownFileType = sourcecode.swift; path = DateFormatter.swift; sourceTree = "<group>"; };
		94A62EE22BE234590062FDE4 /* HourlyLineChart.swift */ = {isa = PBXFileReference; lastKnownFileType = sourcecode.swift; path = HourlyLineChart.swift; sourceTree = "<group>"; };
		94B1147E2BE11B14000024AC /* OpenInApp.app */ = {isa = PBXFileReference; explicitFileType = wrapper.application; includeInIndex = 0; path = OpenInApp.app; sourceTree = BUILT_PRODUCTS_DIR; };
		94B114812BE11B14000024AC /* OpenInAppApp.swift */ = {isa = PBXFileReference; lastKnownFileType = sourcecode.swift; path = OpenInAppApp.swift; sourceTree = "<group>"; };
		94B114832BE11B14000024AC /* ContentView.swift */ = {isa = PBXFileReference; lastKnownFileType = sourcecode.swift; path = ContentView.swift; sourceTree = "<group>"; };
		94B114852BE11B16000024AC /* Assets.xcassets */ = {isa = PBXFileReference; lastKnownFileType = folder.assetcatalog; path = Assets.xcassets; sourceTree = "<group>"; };
		94B114872BE11B16000024AC /* OpenInApp.entitlements */ = {isa = PBXFileReference; lastKnownFileType = text.plist.entitlements; path = OpenInApp.entitlements; sourceTree = "<group>"; };
		94B114892BE11B16000024AC /* Preview Assets.xcassets */ = {isa = PBXFileReference; lastKnownFileType = folder.assetcatalog; path = "Preview Assets.xcassets"; sourceTree = "<group>"; };
		94B1148F2BE11B16000024AC /* OpenInAppTests.xctest */ = {isa = PBXFileReference; explicitFileType = wrapper.cfbundle; includeInIndex = 0; path = OpenInAppTests.xctest; sourceTree = BUILT_PRODUCTS_DIR; };
		94B114932BE11B16000024AC /* OpenInAppTests.swift */ = {isa = PBXFileReference; lastKnownFileType = sourcecode.swift; path = OpenInAppTests.swift; sourceTree = "<group>"; };
		94B114992BE11B16000024AC /* OpenInAppUITests.xctest */ = {isa = PBXFileReference; explicitFileType = wrapper.cfbundle; includeInIndex = 0; path = OpenInAppUITests.xctest; sourceTree = BUILT_PRODUCTS_DIR; };
		94B1149D2BE11B16000024AC /* OpenInAppUITests.swift */ = {isa = PBXFileReference; lastKnownFileType = sourcecode.swift; path = OpenInAppUITests.swift; sourceTree = "<group>"; };
		94B1149F2BE11B16000024AC /* OpenInAppUITestsLaunchTests.swift */ = {isa = PBXFileReference; lastKnownFileType = sourcecode.swift; path = OpenInAppUITestsLaunchTests.swift; sourceTree = "<group>"; };
/* End PBXFileReference section */

/* Begin PBXFrameworksBuildPhase section */
		94B1147B2BE11B14000024AC /* Frameworks */ = {
			isa = PBXFrameworksBuildPhase;
			buildActionMask = 2147483647;
			files = (
				94A62EE62BE246F80062FDE4 /* SwiftUICharts in Frameworks */,
			);
			runOnlyForDeploymentPostprocessing = 0;
		};
		94B1148C2BE11B16000024AC /* Frameworks */ = {
			isa = PBXFrameworksBuildPhase;
			buildActionMask = 2147483647;
			files = (
			);
			runOnlyForDeploymentPostprocessing = 0;
		};
		94B114962BE11B16000024AC /* Frameworks */ = {
			isa = PBXFrameworksBuildPhase;
			buildActionMask = 2147483647;
			files = (
			);
			runOnlyForDeploymentPostprocessing = 0;
		};
/* End PBXFrameworksBuildPhase section */

/* Begin PBXGroup section */
		94B114752BE11B14000024AC = {
			isa = PBXGroup;
			children = (
				94B114802BE11B14000024AC /* OpenInApp */,
				94B114922BE11B16000024AC /* OpenInAppTests */,
				94B1149C2BE11B16000024AC /* OpenInAppUITests */,
				94B1147F2BE11B14000024AC /* Products */,
			);
			sourceTree = "<group>";
		};
		94B1147F2BE11B14000024AC /* Products */ = {
			isa = PBXGroup;
			children = (
				94B1147E2BE11B14000024AC /* OpenInApp.app */,
				94B1148F2BE11B16000024AC /* OpenInAppTests.xctest */,
				94B114992BE11B16000024AC /* OpenInAppUITests.xctest */,
			);
			name = Products;
			sourceTree = "<group>";
		};
		94B114802BE11B14000024AC /* OpenInApp */ = {
			isa = PBXGroup;
			children = (
				94B114812BE11B14000024AC /* OpenInAppApp.swift */,
				94B114832BE11B14000024AC /* ContentView.swift */,
				94B114852BE11B16000024AC /* Assets.xcassets */,
				94A62ED82BE213320062FDE4 /* ColorAssets.xcassets */,
				94B114872BE11B16000024AC /* OpenInApp.entitlements */,
				94B114882BE11B16000024AC /* Preview Content */,
				94A62ED62BE1FE220062FDE4 /* OpenInAppviewModel.swift */,
				94A62EDA2BE213BB0062FDE4 /* ColorPalette.swift */,
				94A62EDE2BE21F430062FDE4 /* DashboardModel.swift */,
				94A62EE02BE225080062FDE4 /* DateFormatter.swift */,
				94A62EE22BE234590062FDE4 /* HourlyLineChart.swift */,
			);
			path = OpenInApp;
			sourceTree = "<group>";
		};
		94B114882BE11B16000024AC /* Preview Content */ = {
			isa = PBXGroup;
			children = (
				94B114892BE11B16000024AC /* Preview Assets.xcassets */,
			);
			path = "Preview Content";
			sourceTree = "<group>";
		};
		94B114922BE11B16000024AC /* OpenInAppTests */ = {
			isa = PBXGroup;
			children = (
				94B114932BE11B16000024AC /* OpenInAppTests.swift */,
			);
			path = OpenInAppTests;
			sourceTree = "<group>";
		};
		94B1149C2BE11B16000024AC /* OpenInAppUITests */ = {
			isa = PBXGroup;
			children = (
				94B1149D2BE11B16000024AC /* OpenInAppUITests.swift */,
				94B1149F2BE11B16000024AC /* OpenInAppUITestsLaunchTests.swift */,
			);
			path = OpenInAppUITests;
			sourceTree = "<group>";
		};
/* End PBXGroup section */

/* Begin PBXNativeTarget section */
		94B1147D2BE11B14000024AC /* OpenInApp */ = {
			isa = PBXNativeTarget;
			buildConfigurationList = 94B114A32BE11B16000024AC /* Build configuration list for PBXNativeTarget "OpenInApp" */;
			buildPhases = (
				94B1147A2BE11B14000024AC /* Sources */,
				94B1147B2BE11B14000024AC /* Frameworks */,
				94B1147C2BE11B14000024AC /* Resources */,
			);
			buildRules = (
			);
			dependencies = (
			);
			name = OpenInApp;
			packageProductDependencies = (
				94A62EE52BE246F80062FDE4 /* SwiftUICharts */,
			);
			productName = OpenInApp;
			productReference = 94B1147E2BE11B14000024AC /* OpenInApp.app */;
			productType = "com.apple.product-type.application";
		};
		94B1148E2BE11B16000024AC /* OpenInAppTests */ = {
			isa = PBXNativeTarget;
			buildConfigurationList = 94B114A62BE11B16000024AC /* Build configuration list for PBXNativeTarget "OpenInAppTests" */;
			buildPhases = (
				94B1148B2BE11B16000024AC /* Sources */,
				94B1148C2BE11B16000024AC /* Frameworks */,
				94B1148D2BE11B16000024AC /* Resources */,
			);
			buildRules = (
			);
			dependencies = (
				94B114912BE11B16000024AC /* PBXTargetDependency */,
			);
			name = OpenInAppTests;
			productName = OpenInAppTests;
			productReference = 94B1148F2BE11B16000024AC /* OpenInAppTests.xctest */;
			productType = "com.apple.product-type.bundle.unit-test";
		};
		94B114982BE11B16000024AC /* OpenInAppUITests */ = {
			isa = PBXNativeTarget;
			buildConfigurationList = 94B114A92BE11B16000024AC /* Build configuration list for PBXNativeTarget "OpenInAppUITests" */;
			buildPhases = (
				94B114952BE11B16000024AC /* Sources */,
				94B114962BE11B16000024AC /* Frameworks */,
				94B114972BE11B16000024AC /* Resources */,
			);
			buildRules = (
			);
			dependencies = (
				94B1149B2BE11B16000024AC /* PBXTargetDependency */,
			);
			name = OpenInAppUITests;
			productName = OpenInAppUITests;
			productReference = 94B114992BE11B16000024AC /* OpenInAppUITests.xctest */;
			productType = "com.apple.product-type.bundle.ui-testing";
		};
/* End PBXNativeTarget section */

/* Begin PBXProject section */
		94B114762BE11B14000024AC /* Project object */ = {
			isa = PBXProject;
			attributes = {
				BuildIndependentTargetsInParallel = 1;
				LastSwiftUpdateCheck = 1430;
				LastUpgradeCheck = 1430;
				TargetAttributes = {
					94B1147D2BE11B14000024AC = {
						CreatedOnToolsVersion = 14.3.1;
					};
					94B1148E2BE11B16000024AC = {
						CreatedOnToolsVersion = 14.3.1;
						TestTargetID = 94B1147D2BE11B14000024AC;
					};
					94B114982BE11B16000024AC = {
						CreatedOnToolsVersion = 14.3.1;
						TestTargetID = 94B1147D2BE11B14000024AC;
					};
				};
			};
			buildConfigurationList = 94B114792BE11B14000024AC /* Build configuration list for PBXProject "OpenInApp" */;
			compatibilityVersion = "Xcode 14.0";
			developmentRegion = en;
			hasScannedForEncodings = 0;
			knownRegions = (
				en,
				Base,
			);
			mainGroup = 94B114752BE11B14000024AC;
			packageReferences = (
				94A62EE42BE246F80062FDE4 /* XCRemoteSwiftPackageReference "ChartView" */,
			);
			productRefGroup = 94B1147F2BE11B14000024AC /* Products */;
			projectDirPath = "";
			projectRoot = "";
			targets = (
				94B1147D2BE11B14000024AC /* OpenInApp */,
				94B1148E2BE11B16000024AC /* OpenInAppTests */,
				94B114982BE11B16000024AC /* OpenInAppUITests */,
			);
		};
/* End PBXProject section */

/* Begin PBXResourcesBuildPhase section */
		94B1147C2BE11B14000024AC /* Resources */ = {
			isa = PBXResourcesBuildPhase;
			buildActionMask = 2147483647;
			files = (
				94B1148A2BE11B16000024AC /* Preview Assets.xcassets in Resources */,
				94A62ED92BE213320062FDE4 /* ColorAssets.xcassets in Resources */,
				94B114862BE11B16000024AC /* Assets.xcassets in Resources */,
			);
			runOnlyForDeploymentPostprocessing = 0;
		};
		94B1148D2BE11B16000024AC /* Resources */ = {
			isa = PBXResourcesBuildPhase;
			buildActionMask = 2147483647;
			files = (
			);
			runOnlyForDeploymentPostprocessing = 0;
		};
		94B114972BE11B16000024AC /* Resources */ = {
			isa = PBXResourcesBuildPhase;
			buildActionMask = 2147483647;
			files = (
			);
			runOnlyForDeploymentPostprocessing = 0;
		};
/* End PBXResourcesBuildPhase section */

/* Begin PBXSourcesBuildPhase section */
		94B1147A2BE11B14000024AC /* Sources */ = {
			isa = PBXSourcesBuildPhase;
			buildActionMask = 2147483647;
			files = (
				94A62EE12BE225080062FDE4 /* DateFormatter.swift in Sources */,
				94A62EDF2BE21F430062FDE4 /* DashboardModel.swift in Sources */,
				94A62ED72BE1FE220062FDE4 /* OpenInAppviewModel.swift in Sources */,
				94B114842BE11B14000024AC /* ContentView.swift in Sources */,
				94B114822BE11B14000024AC /* OpenInAppApp.swift in Sources */,
				94A62EDB2BE213BB0062FDE4 /* ColorPalette.swift in Sources */,
				94A62EE32BE234590062FDE4 /* HourlyLineChart.swift in Sources */,
			);
			runOnlyForDeploymentPostprocessing = 0;
		};
		94B1148B2BE11B16000024AC /* Sources */ = {
			isa = PBXSourcesBuildPhase;
			buildActionMask = 2147483647;
			files = (
				94B114942BE11B16000024AC /* OpenInAppTests.swift in Sources */,
			);
			runOnlyForDeploymentPostprocessing = 0;
		};
		94B114952BE11B16000024AC /* Sources */ = {
			isa = PBXSourcesBuildPhase;
			buildActionMask = 2147483647;
			files = (
				94B1149E2BE11B16000024AC /* OpenInAppUITests.swift in Sources */,
				94B114A02BE11B16000024AC /* OpenInAppUITestsLaunchTests.swift in Sources */,
			);
			runOnlyForDeploymentPostprocessing = 0;
		};
/* End PBXSourcesBuildPhase section */

/* Begin PBXTargetDependency section */
		94B114912BE11B16000024AC /* PBXTargetDependency */ = {
			isa = PBXTargetDependency;
			target = 94B1147D2BE11B14000024AC /* OpenInApp */;
			targetProxy = 94B114902BE11B16000024AC /* PBXContainerItemProxy */;
		};
		94B1149B2BE11B16000024AC /* PBXTargetDependency */ = {
			isa = PBXTargetDependency;
			target = 94B1147D2BE11B14000024AC /* OpenInApp */;
			targetProxy = 94B1149A2BE11B16000024AC /* PBXContainerItemProxy */;
		};
/* End PBXTargetDependency section */

/* Begin XCBuildConfiguration section */
		94B114A12BE11B16000024AC /* Debug */ = {
			isa = XCBuildConfiguration;
			buildSettings = {
				ALWAYS_SEARCH_USER_PATHS = NO;
				CLANG_ANALYZER_NONNULL = YES;
				CLANG_ANALYZER_NUMBER_OBJECT_CONVERSION = YES_AGGRESSIVE;
				CLANG_CXX_LANGUAGE_STANDARD = "gnu++20";
				CLANG_ENABLE_MODULES = YES;
				CLANG_ENABLE_OBJC_ARC = YES;
				CLANG_ENABLE_OBJC_WEAK = YES;
				CLANG_WARN_BLOCK_CAPTURE_AUTORELEASING = YES;
				CLANG_WARN_BOOL_CONVERSION = YES;
				CLANG_WARN_COMMA = YES;
				CLANG_WARN_CONSTANT_CONVERSION = YES;
				CLANG_WARN_DEPRECATED_OBJC_IMPLEMENTATIONS = YES;
				CLANG_WARN_DIRECT_OBJC_ISA_USAGE = YES_ERROR;
				CLANG_WARN_DOCUMENTATION_COMMENTS = YES;
				CLANG_WARN_EMPTY_BODY = YES;
				CLANG_WARN_ENUM_CONVERSION = YES;
				CLANG_WARN_INFINITE_RECURSION = YES;
				CLANG_WARN_INT_CONVERSION = YES;
				CLANG_WARN_NON_LITERAL_NULL_CONVERSION = YES;
				CLANG_WARN_OBJC_IMPLICIT_RETAIN_SELF = YES;
				CLANG_WARN_OBJC_LITERAL_CONVERSION = YES;
				CLANG_WARN_OBJC_ROOT_CLASS = YES_ERROR;
				CLANG_WARN_QUOTED_INCLUDE_IN_FRAMEWORK_HEADER = YES;
				CLANG_WARN_RANGE_LOOP_ANALYSIS = YES;
				CLANG_WARN_STRICT_PROTOTYPES = YES;
				CLANG_WARN_SUSPICIOUS_MOVE = YES;
				CLANG_WARN_UNGUARDED_AVAILABILITY = YES_AGGRESSIVE;
				CLANG_WARN_UNREACHABLE_CODE = YES;
				CLANG_WARN__DUPLICATE_METHOD_MATCH = YES;
				COPY_PHASE_STRIP = NO;
				DEBUG_INFORMATION_FORMAT = dwarf;
				ENABLE_STRICT_OBJC_MSGSEND = YES;
				ENABLE_TESTABILITY = YES;
				GCC_C_LANGUAGE_STANDARD = gnu11;
				GCC_DYNAMIC_NO_PIC = NO;
				GCC_NO_COMMON_BLOCKS = YES;
				GCC_OPTIMIZATION_LEVEL = 0;
				GCC_PREPROCESSOR_DEFINITIONS = (
					"DEBUG=1",
					"$(inherited)",
				);
				GCC_WARN_64_TO_32_BIT_CONVERSION = YES;
				GCC_WARN_ABOUT_RETURN_TYPE = YES_ERROR;
				GCC_WARN_UNDECLARED_SELECTOR = YES;
				GCC_WARN_UNINITIALIZED_AUTOS = YES_AGGRESSIVE;
				GCC_WARN_UNUSED_FUNCTION = YES;
				GCC_WARN_UNUSED_VARIABLE = YES;
				MTL_ENABLE_DEBUG_INFO = INCLUDE_SOURCE;
				MTL_FAST_MATH = YES;
				ONLY_ACTIVE_ARCH = YES;
				SWIFT_ACTIVE_COMPILATION_CONDITIONS = DEBUG;
				SWIFT_OPTIMIZATION_LEVEL = "-Onone";
			};
			name = Debug;
		};
		94B114A22BE11B16000024AC /* Release */ = {
			isa = XCBuildConfiguration;
			buildSettings = {
				ALWAYS_SEARCH_USER_PATHS = NO;
				CLANG_ANALYZER_NONNULL = YES;
				CLANG_ANALYZER_NUMBER_OBJECT_CONVERSION = YES_AGGRESSIVE;
				CLANG_CXX_LANGUAGE_STANDARD = "gnu++20";
				CLANG_ENABLE_MODULES = YES;
				CLANG_ENABLE_OBJC_ARC = YES;
				CLANG_ENABLE_OBJC_WEAK = YES;
				CLANG_WARN_BLOCK_CAPTURE_AUTORELEASING = YES;
				CLANG_WARN_BOOL_CONVERSION = YES;
				CLANG_WARN_COMMA = YES;
				CLANG_WARN_CONSTANT_CONVERSION = YES;
				CLANG_WARN_DEPRECATED_OBJC_IMPLEMENTATIONS = YES;
				CLANG_WARN_DIRECT_OBJC_ISA_USAGE = YES_ERROR;
				CLANG_WARN_DOCUMENTATION_COMMENTS = YES;
				CLANG_WARN_EMPTY_BODY = YES;
				CLANG_WARN_ENUM_CONVERSION = YES;
				CLANG_WARN_INFINITE_RECURSION = YES;
				CLANG_WARN_INT_CONVERSION = YES;
				CLANG_WARN_NON_LITERAL_NULL_CONVERSION = YES;
				CLANG_WARN_OBJC_IMPLICIT_RETAIN_SELF = YES;
				CLANG_WARN_OBJC_LITERAL_CONVERSION = YES;
				CLANG_WARN_OBJC_ROOT_CLASS = YES_ERROR;
				CLANG_WARN_QUOTED_INCLUDE_IN_FRAMEWORK_HEADER = YES;
				CLANG_WARN_RANGE_LOOP_ANALYSIS = YES;
				CLANG_WARN_STRICT_PROTOTYPES = YES;
				CLANG_WARN_SUSPICIOUS_MOVE = YES;
				CLANG_WARN_UNGUARDED_AVAILABILITY = YES_AGGRESSIVE;
				CLANG_WARN_UNREACHABLE_CODE = YES;
				CLANG_WARN__DUPLICATE_METHOD_MATCH = YES;
				COPY_PHASE_STRIP = NO;
				DEBUG_INFORMATION_FORMAT = "dwarf-with-dsym";
				ENABLE_NS_ASSERTIONS = NO;
				ENABLE_STRICT_OBJC_MSGSEND = YES;
				GCC_C_LANGUAGE_STANDARD = gnu11;
				GCC_NO_COMMON_BLOCKS = YES;
				GCC_WARN_64_TO_32_BIT_CONVERSION = YES;
				GCC_WARN_ABOUT_RETURN_TYPE = YES_ERROR;
				GCC_WARN_UNDECLARED_SELECTOR = YES;
				GCC_WARN_UNINITIALIZED_AUTOS = YES_AGGRESSIVE;
				GCC_WARN_UNUSED_FUNCTION = YES;
				GCC_WARN_UNUSED_VARIABLE = YES;
				MTL_ENABLE_DEBUG_INFO = NO;
				MTL_FAST_MATH = YES;
				SWIFT_COMPILATION_MODE = wholemodule;
				SWIFT_OPTIMIZATION_LEVEL = "-O";
			};
			name = Release;
		};
		94B114A42BE11B16000024AC /* Debug */ = {
			isa = XCBuildConfiguration;
			buildSettings = {
				ASSETCATALOG_COMPILER_APPICON_NAME = AppIcon;
				ASSETCATALOG_COMPILER_GLOBAL_ACCENT_COLOR_NAME = AccentColor;
				CODE_SIGN_ENTITLEMENTS = OpenInApp/OpenInApp.entitlements;
				CODE_SIGN_STYLE = Automatic;
				CURRENT_PROJECT_VERSION = 1;
				DEVELOPMENT_ASSET_PATHS = "\"OpenInApp/Preview Content\"";
				DEVELOPMENT_TEAM = 7C9JBTXDQT;
				ENABLE_HARDENED_RUNTIME = YES;
				ENABLE_PREVIEWS = YES;
				GENERATE_INFOPLIST_FILE = YES;
				"INFOPLIST_KEY_UIApplicationSceneManifest_Generation[sdk=iphoneos*]" = YES;
				"INFOPLIST_KEY_UIApplicationSceneManifest_Generation[sdk=iphonesimulator*]" = YES;
				"INFOPLIST_KEY_UIApplicationSupportsIndirectInputEvents[sdk=iphoneos*]" = YES;
				"INFOPLIST_KEY_UIApplicationSupportsIndirectInputEvents[sdk=iphonesimulator*]" = YES;
				"INFOPLIST_KEY_UILaunchScreen_Generation[sdk=iphoneos*]" = YES;
				"INFOPLIST_KEY_UILaunchScreen_Generation[sdk=iphonesimulator*]" = YES;
				"INFOPLIST_KEY_UIStatusBarStyle[sdk=iphoneos*]" = UIStatusBarStyleDefault;
				"INFOPLIST_KEY_UIStatusBarStyle[sdk=iphonesimulator*]" = UIStatusBarStyleDefault;
				INFOPLIST_KEY_UISupportedInterfaceOrientations_iPad = "UIInterfaceOrientationPortrait UIInterfaceOrientationPortraitUpsideDown UIInterfaceOrientationLandscapeLeft UIInterfaceOrientationLandscapeRight";
				INFOPLIST_KEY_UISupportedInterfaceOrientations_iPhone = "UIInterfaceOrientationPortrait UIInterfaceOrientationLandscapeLeft UIInterfaceOrientationLandscapeRight";
				IPHONEOS_DEPLOYMENT_TARGET = 16.4;
				LD_RUNPATH_SEARCH_PATHS = "@executable_path/Frameworks";
				"LD_RUNPATH_SEARCH_PATHS[sdk=macosx*]" = "@executable_path/../Frameworks";
				MACOSX_DEPLOYMENT_TARGET = 13.2;
				MARKETING_VERSION = 1.0;
				PRODUCT_BUNDLE_IDENTIFIER = com.iroidtechnologies.OpenInApp.OpenInApp;
				PRODUCT_NAME = "$(TARGET_NAME)";
				SDKROOT = auto;
				SUPPORTED_PLATFORMS = "iphoneos iphonesimulator macosx";
				SWIFT_EMIT_LOC_STRINGS = YES;
				SWIFT_VERSION = 5.0;
				TARGETED_DEVICE_FAMILY = "1,2";
			};
			name = Debug;
		};
		94B114A52BE11B16000024AC /* Release */ = {
			isa = XCBuildConfiguration;
			buildSettings = {
				ASSETCATALOG_COMPILER_APPICON_NAME = AppIcon;
				ASSETCATALOG_COMPILER_GLOBAL_ACCENT_COLOR_NAME = AccentColor;
				CODE_SIGN_ENTITLEMENTS = OpenInApp/OpenInApp.entitlements;
				CODE_SIGN_STYLE = Automatic;
				CURRENT_PROJECT_VERSION = 1;
				DEVELOPMENT_ASSET_PATHS = "\"OpenInApp/Preview Content\"";
				DEVELOPMENT_TEAM = 7C9JBTXDQT;
				ENABLE_HARDENED_RUNTIME = YES;
				ENABLE_PREVIEWS = YES;
				GENERATE_INFOPLIST_FILE = YES;
				"INFOPLIST_KEY_UIApplicationSceneManifest_Generation[sdk=iphoneos*]" = YES;
				"INFOPLIST_KEY_UIApplicationSceneManifest_Generation[sdk=iphonesimulator*]" = YES;
				"INFOPLIST_KEY_UIApplicationSupportsIndirectInputEvents[sdk=iphoneos*]" = YES;
				"INFOPLIST_KEY_UIApplicationSupportsIndirectInputEvents[sdk=iphonesimulator*]" = YES;
				"INFOPLIST_KEY_UILaunchScreen_Generation[sdk=iphoneos*]" = YES;
				"INFOPLIST_KEY_UILaunchScreen_Generation[sdk=iphonesimulator*]" = YES;
				"INFOPLIST_KEY_UIStatusBarStyle[sdk=iphoneos*]" = UIStatusBarStyleDefault;
				"INFOPLIST_KEY_UIStatusBarStyle[sdk=iphonesimulator*]" = UIStatusBarStyleDefault;
				INFOPLIST_KEY_UISupportedInterfaceOrientations_iPad = "UIInterfaceOrientationPortrait UIInterfaceOrientationPortraitUpsideDown UIInterfaceOrientationLandscapeLeft UIInterfaceOrientationLandscapeRight";
				INFOPLIST_KEY_UISupportedInterfaceOrientations_iPhone = "UIInterfaceOrientationPortrait UIInterfaceOrientationLandscapeLeft UIInterfaceOrientationLandscapeRight";
				IPHONEOS_DEPLOYMENT_TARGET = 16.4;
				LD_RUNPATH_SEARCH_PATHS = "@executable_path/Frameworks";
				"LD_RUNPATH_SEARCH_PATHS[sdk=macosx*]" = "@executable_path/../Frameworks";
				MACOSX_DEPLOYMENT_TARGET = 13.2;
				MARKETING_VERSION = 1.0;
				PRODUCT_BUNDLE_IDENTIFIER = com.iroidtechnologies.OpenInApp.OpenInApp;
				PRODUCT_NAME = "$(TARGET_NAME)";
				SDKROOT = auto;
				SUPPORTED_PLATFORMS = "iphoneos iphonesimulator macosx";
				SWIFT_EMIT_LOC_STRINGS = YES;
				SWIFT_VERSION = 5.0;
				TARGETED_DEVICE_FAMILY = "1,2";
			};
			name = Release;
		};
		94B114A72BE11B16000024AC /* Debug */ = {
			isa = XCBuildConfiguration;
			buildSettings = {
				ALWAYS_EMBED_SWIFT_STANDARD_LIBRARIES = YES;
				BUNDLE_LOADER = "$(TEST_HOST)";
				CODE_SIGN_STYLE = Automatic;
				CURRENT_PROJECT_VERSION = 1;
				DEVELOPMENT_TEAM = 7C9JBTXDQT;
				GENERATE_INFOPLIST_FILE = YES;
				IPHONEOS_DEPLOYMENT_TARGET = 16.4;
				MACOSX_DEPLOYMENT_TARGET = 13.2;
				MARKETING_VERSION = 1.0;
				PRODUCT_BUNDLE_IDENTIFIER = com.iroidtechnologies.OpenInApp.OpenInAppTests;
				PRODUCT_NAME = "$(TARGET_NAME)";
				SDKROOT = auto;
				SUPPORTED_PLATFORMS = "iphoneos iphonesimulator macosx";
				SWIFT_EMIT_LOC_STRINGS = NO;
				SWIFT_VERSION = 5.0;
				TARGETED_DEVICE_FAMILY = "1,2";
				TEST_HOST = "$(BUILT_PRODUCTS_DIR)/OpenInApp.app/$(BUNDLE_EXECUTABLE_FOLDER_PATH)/OpenInApp";
			};
			name = Debug;
		};
		94B114A82BE11B16000024AC /* Release */ = {
			isa = XCBuildConfiguration;
			buildSettings = {
				ALWAYS_EMBED_SWIFT_STANDARD_LIBRARIES = YES;
				BUNDLE_LOADER = "$(TEST_HOST)";
				CODE_SIGN_STYLE = Automatic;
				CURRENT_PROJECT_VERSION = 1;
				DEVELOPMENT_TEAM = 7C9JBTXDQT;
				GENERATE_INFOPLIST_FILE = YES;
				IPHONEOS_DEPLOYMENT_TARGET = 16.4;
				MACOSX_DEPLOYMENT_TARGET = 13.2;
				MARKETING_VERSION = 1.0;
				PRODUCT_BUNDLE_IDENTIFIER = com.iroidtechnologies.OpenInApp.OpenInAppTests;
				PRODUCT_NAME = "$(TARGET_NAME)";
				SDKROOT = auto;
				SUPPORTED_PLATFORMS = "iphoneos iphonesimulator macosx";
				SWIFT_EMIT_LOC_STRINGS = NO;
				SWIFT_VERSION = 5.0;
				TARGETED_DEVICE_FAMILY = "1,2";
				TEST_HOST = "$(BUILT_PRODUCTS_DIR)/OpenInApp.app/$(BUNDLE_EXECUTABLE_FOLDER_PATH)/OpenInApp";
			};
			name = Release;
		};
		94B114AA2BE11B16000024AC /* Debug */ = {
			isa = XCBuildConfiguration;
			buildSettings = {
				ALWAYS_EMBED_SWIFT_STANDARD_LIBRARIES = YES;
				CODE_SIGN_STYLE = Automatic;
				CURRENT_PROJECT_VERSION = 1;
				DEVELOPMENT_TEAM = 7C9JBTXDQT;
				GENERATE_INFOPLIST_FILE = YES;
				IPHONEOS_DEPLOYMENT_TARGET = 16.4;
				MACOSX_DEPLOYMENT_TARGET = 13.2;
				MARKETING_VERSION = 1.0;
				PRODUCT_BUNDLE_IDENTIFIER = com.iroidtechnologies.OpenInApp.OpenInAppUITests;
				PRODUCT_NAME = "$(TARGET_NAME)";
				SDKROOT = auto;
				SUPPORTED_PLATFORMS = "iphoneos iphonesimulator macosx";
				SWIFT_EMIT_LOC_STRINGS = NO;
				SWIFT_VERSION = 5.0;
				TARGETED_DEVICE_FAMILY = "1,2";
				TEST_TARGET_NAME = OpenInApp;
			};
			name = Debug;
		};
		94B114AB2BE11B16000024AC /* Release */ = {
			isa = XCBuildConfiguration;
			buildSettings = {
				ALWAYS_EMBED_SWIFT_STANDARD_LIBRARIES = YES;
				CODE_SIGN_STYLE = Automatic;
				CURRENT_PROJECT_VERSION = 1;
				DEVELOPMENT_TEAM = 7C9JBTXDQT;
				GENERATE_INFOPLIST_FILE = YES;
				IPHONEOS_DEPLOYMENT_TARGET = 16.4;
				MACOSX_DEPLOYMENT_TARGET = 13.2;
				MARKETING_VERSION = 1.0;
				PRODUCT_BUNDLE_IDENTIFIER = com.iroidtechnologies.OpenInApp.OpenInAppUITests;
				PRODUCT_NAME = "$(TARGET_NAME)";
				SDKROOT = auto;
				SUPPORTED_PLATFORMS = "iphoneos iphonesimulator macosx";
				SWIFT_EMIT_LOC_STRINGS = NO;
				SWIFT_VERSION = 5.0;
				TARGETED_DEVICE_FAMILY = "1,2";
				TEST_TARGET_NAME = OpenInApp;
			};
			name = Release;
		};
/* End XCBuildConfiguration section */

/* Begin XCConfigurationList section */
		94B114792BE11B14000024AC /* Build configuration list for PBXProject "OpenInApp" */ = {
			isa = XCConfigurationList;
			buildConfigurations = (
				94B114A12BE11B16000024AC /* Debug */,
				94B114A22BE11B16000024AC /* Release */,
			);
			defaultConfigurationIsVisible = 0;
			defaultConfigurationName = Release;
		};
		94B114A32BE11B16000024AC /* Build configuration list for PBXNativeTarget "OpenInApp" */ = {
			isa = XCConfigurationList;
			buildConfigurations = (
				94B114A42BE11B16000024AC /* Debug */,
				94B114A52BE11B16000024AC /* Release */,
			);
			defaultConfigurationIsVisible = 0;
			defaultConfigurationName = Release;
		};
		94B114A62BE11B16000024AC /* Build configuration list for PBXNativeTarget "OpenInAppTests" */ = {
			isa = XCConfigurationList;
			buildConfigurations = (
				94B114A72BE11B16000024AC /* Debug */,
				94B114A82BE11B16000024AC /* Release */,
			);
			defaultConfigurationIsVisible = 0;
			defaultConfigurationName = Release;
		};
		94B114A92BE11B16000024AC /* Build configuration list for PBXNativeTarget "OpenInAppUITests" */ = {
			isa = XCConfigurationList;
			buildConfigurations = (
				94B114AA2BE11B16000024AC /* Debug */,
				94B114AB2BE11B16000024AC /* Release */,
			);
			defaultConfigurationIsVisible = 0;
			defaultConfigurationName = Release;
		};
/* End XCConfigurationList section */

/* Begin XCRemoteSwiftPackageReference section */
		94A62EE42BE246F80062FDE4 /* XCRemoteSwiftPackageReference "ChartView" */ = {
			isa = XCRemoteSwiftPackageReference;
			repositoryURL = "https://github.com/AppPear/ChartView.git";
			requirement = {
				kind = upToNextMajorVersion;
				minimumVersion = 1.0.0;
			};
		};
/* End XCRemoteSwiftPackageReference section */

/* Begin XCSwiftPackageProductDependency section */
		94A62EE52BE246F80062FDE4 /* SwiftUICharts */ = {
			isa = XCSwiftPackageProductDependency;
			package = 94A62EE42BE246F80062FDE4 /* XCRemoteSwiftPackageReference "ChartView" */;
			productName = SwiftUICharts;
		};
/* End XCSwiftPackageProductDependency section */
	};
	rootObject = 94B114762BE11B14000024AC /* Project object */;
}
